
Microsoft Visual Studio Solution File, Format Version 12.00
# Visual Studio Version 17
VisualStudioVersion = 17.8.34330.188
MinimumVisualStudioVersion = 10.0.40219.1
Project("{FAE04EC0-301F-11D3-BF4B-00C04F79EFBC}") = "YMYPHybritSampleProject", "YMYPHybritSampleProject\YMYPHybritSampleProject.csproj", "{42B89C78-6134-4AB2-9B96-C883C88BC093}"
EndProject
Global
	GlobalSection(SolutionConfigurationPlatforms) = preSolution
		Debug|Any CPU = Debug|Any CPU
		Release|Any CPU = Release|Any CPU
	EndGlobalSection
	GlobalSection(ProjectConfigurationPlatforms) = postSolution
		{42B89C78-6134-4AB2-9B96-C883C88BC093}.Debug|Any CPU.ActiveCfg = Debug|Any CPU
		{42B89C78-6134-4AB2-9B96-C883C88BC093}.Debug|Any CPU.Build.0 = Debug|Any CPU
		{42B89C78-6134-4AB2-9B96-C883C88BC093}.Release|Any CPU.ActiveCfg = Release|Any CPU
		{42B89C78-6134-4AB2-9B96-C883C88BC093}.Release|Any CPU.Build.0 = Release|Any CPU
	EndGlobalSection
	GlobalSection(SolutionProperties) = preSolution
		HideSolutionNode = FALSE
	EndGlobalSection
	GlobalSection(ExtensibilityGlobals) = postSolution
		SolutionGuid = {DC7D2F1B-90E3-407B-BAD4-84A614EB249B}
	EndGlobalSection
EndGlobal
